
Microsoft Visual Studio Solution File, Format Version 12.00
# Visual Studio 15
VisualStudioVersion = 15.0.27703.2018
MinimumVisualStudioVersion = 10.0.40219.1
Project("{FAE04EC0-301F-11D3-BF4B-00C04F79EFBC}") = "EchoConsole", "EchoConsole\EchoConsole.csproj", "{954C23BC-3131-41FC-9C08-DEA5E7282652}"
EndProject
Global
	GlobalSection(SolutionConfigurationPlatforms) = preSolution
		Debug|Any CPU = Debug|Any CPU
		Release|Any CPU = Release|Any CPU
	EndGlobalSection
	GlobalSection(ProjectConfigurationPlatforms) = postSolution
		{954C23BC-3131-41FC-9C08-DEA5E7282652}.Debug|Any CPU.ActiveCfg = Debug|Any CPU
		{954C23BC-3131-41FC-9C08-DEA5E7282652}.Debug|Any CPU.Build.0 = Debug|Any CPU
		{954C23BC-3131-41FC-9C08-DEA5E7282652}.Release|Any CPU.ActiveCfg = Release|Any CPU
		{954C23BC-3131-41FC-9C08-DEA5E7282652}.Release|Any CPU.Build.0 = Release|Any CPU
	EndGlobalSection
	GlobalSection(SolutionProperties) = preSolution
		HideSolutionNode = FALSE
	EndGlobalSection
	GlobalSection(ExtensibilityGlobals) = postSolution
		SolutionGuid = {609A393E-6310-4B65-9D04-74F08072E4D3}
	EndGlobalSection
EndGlobal
